
Microsoft Visual Studio Solution File, Format Version 12.00
# Visual Studio Version 17
VisualStudioVersion = 17.14.36518.9 d17.14
MinimumVisualStudioVersion = 10.0.40219.1
Project("{FAE04EC0-301F-11D3-BF4B-00C04F79EFBC}") = "VirtualSensor", "VirtualSensor\VirtualSensor.csproj", "{00533909-4768-4331-9B07-A240B3E500C5}"
EndProject
Project("{FAE04EC0-301F-11D3-BF4B-00C04F79EFBC}") = "SensorTests", "SensorTests\SensorTests.csproj", "{DC51C846-D811-4EB4-AFD3-14C6E762BE8B}"
EndProject
Global
	GlobalSection(SolutionConfigurationPlatforms) = preSolution
		Debug|Any CPU = Debug|Any CPU
		Release|Any CPU = Release|Any CPU
	EndGlobalSection
	GlobalSection(ProjectConfigurationPlatforms) = postSolution
		{00533909-4768-4331-9B07-A240B3E500C5}.Debug|Any CPU.ActiveCfg = Debug|Any CPU
		{00533909-4768-4331-9B07-A240B3E500C5}.Debug|Any CPU.Build.0 = Debug|Any CPU
		{00533909-4768-4331-9B07-A240B3E500C5}.Release|Any CPU.ActiveCfg = Release|Any CPU
		{00533909-4768-4331-9B07-A240B3E500C5}.Release|Any CPU.Build.0 = Release|Any CPU
		{DC51C846-D811-4EB4-AFD3-14C6E762BE8B}.Debug|Any CPU.ActiveCfg = Debug|Any CPU
		{DC51C846-D811-4EB4-AFD3-14C6E762BE8B}.Debug|Any CPU.Build.0 = Debug|Any CPU
		{DC51C846-D811-4EB4-AFD3-14C6E762BE8B}.Release|Any CPU.ActiveCfg = Release|Any CPU
		{DC51C846-D811-4EB4-AFD3-14C6E762BE8B}.Release|Any CPU.Build.0 = Release|Any CPU
	EndGlobalSection
	GlobalSection(SolutionProperties) = preSolution
		HideSolutionNode = FALSE
	EndGlobalSection
	GlobalSection(ExtensibilityGlobals) = postSolution
		SolutionGuid = {F42AF615-6887-4DD3-96A5-7BD5BEDE5A31}
	EndGlobalSection
EndGlobal
